Microsoft Visual Studio Solution File, Format Version 12.00
# Visual Studio 2012
Project("{FAE04EC0-301F-11D3-BF4B-00C04F79EFBC}") = "GODolphin", "GODolphin.csproj", "{EFF9D2F2-46D4-4C83-A7A6-CD9A7FE3704A}"
EndProject
Global
	GlobalSection(SolutionConfigurationPlatforms) = preSolution
	Debug|Any CPU = Debug|Any CPU
	ExportDebug|Any CPU = ExportDebug|Any CPU
	ExportRelease|Any CPU = ExportRelease|Any CPU
	EndGlobalSection
	GlobalSection(ProjectConfigurationPlatforms) = postSolution
		{EFF9D2F2-46D4-4C83-A7A6-CD9A7FE3704A}.Debug|Any CPU.ActiveCfg = Debug|Any CPU
		{EFF9D2F2-46D4-4C83-A7A6-CD9A7FE3704A}.Debug|Any CPU.Build.0 = Debug|Any CPU
		{EFF9D2F2-46D4-4C83-A7A6-CD9A7FE3704A}.ExportDebug|Any CPU.ActiveCfg = ExportDebug|Any CPU
		{EFF9D2F2-46D4-4C83-A7A6-CD9A7FE3704A}.ExportDebug|Any CPU.Build.0 = ExportDebug|Any CPU
		{EFF9D2F2-46D4-4C83-A7A6-CD9A7FE3704A}.ExportRelease|Any CPU.ActiveCfg = ExportRelease|Any CPU
		{EFF9D2F2-46D4-4C83-A7A6-CD9A7FE3704A}.ExportRelease|Any CPU.Build.0 = ExportRelease|Any CPU
	EndGlobalSection
EndGlobal
